{
  "name": "@ludlovian/debug",
  "version": "0.2.6",
  "lockfileVersion": 3,
  "requires": true,
  "packages": {
    "": {
      "name": "@ludlovian/debug",
      "version": "0.2.6",
      "license": "Unlicense",
      "dependencies": {
        "@ludlovian/emitter": "file:../emitter"
      }
    },
    "../emitter": {
      "name": "@ludlovian/emitter",
      "version": "0.3.4",
      "dependencies": {
        "@ludlovian/lock": "file:../lock"
      }
    },
    "node_modules/@ludlovian/emitter": {
      "resolved": "../emitter",
      "link": true
    }
  }
}
